{
    "requires": true,
    "lockfileVersion": 1,
    "dependencies": {
        "laravel-js-helpers": {
            "version": "1.0.3",
            "resolved": "https://registry.npmjs.org/laravel-js-helpers/-/laravel-js-helpers-1.0.3.tgz",
            "integrity": "sha512-sAfO7n5P6ReJFOIw2rTNEtccmIfCIcQBdU0kx7kOs4rWyfiH+ngynEHp3qV8OrMdubQvl4a7jrzrC1+vydKm1A==",
            "dev": true
        }
    }
}
